
Microsoft Visual Studio Solution File, Format Version 12.00
# Visual Studio 2012
Project("{FAE04EC0-301F-11D3-BF4B-00C04F79EFBC}") = "Deje.Web.Admin", "Deje.Web.Admin\Deje.Web.Admin.csproj", "{D23982E1-2DBB-4F3D-9796-75649FBF4189}"
EndProject
Project("{FAE04EC0-301F-11D3-BF4B-00C04F79EFBC}") = "Deje.Web.Mobile", "Deje.Web.Mobile\Deje.Web.Mobile.csproj", "{D420EB20-1FBA-4FB7-A191-BC062C3B30FE}"
EndProject
Project("{FAE04EC0-301F-11D3-BF4B-00C04F79EFBC}") = "Deje.Core", "Deje.Core\Deje.Core.csproj", "{6E9060F6-D530-4B7C-9926-666668F87CEE}"
EndProject
Project("{FAE04EC0-301F-11D3-BF4B-00C04F79EFBC}") = "Deje.Repository.EF", "Deje.Repository.EF\Deje.Repository.EF.csproj", "{0630CB6C-061D-444C-81C9-A09433F303B4}"
EndProject
Project("{FAE04EC0-301F-11D3-BF4B-00C04F79EFBC}") = "Deje.Windows", "Deje.Windows\Deje.Windows.csproj", "{6D99018C-A483-4247-A676-0ED9931CD2DB}"
EndProject
Project("{FAE04EC0-301F-11D3-BF4B-00C04F79EFBC}") = "Deje.AzureBlobStorage", "Deje.AzureBlobStorage\Deje.AzureBlobStorage.csproj", "{AF4A5FFA-3B66-4864-91E2-98F3BE323A6E}"
EndProject
Project("{FAE04EC0-301F-11D3-BF4B-00C04F79EFBC}") = "Deje.Lucene", "Deje.Lucene\Deje.Lucene.csproj", "{9061F87D-B668-4148-91D0-51B87BF9BC26}"
EndProject
Project("{FAE04EC0-301F-11D3-BF4B-00C04F79EFBC}") = "Deje.Lucene.Tests", "Deje.Lucene.Tests\Deje.Lucene.Tests.csproj", "{6EBD8A75-DA78-46B0-A07A-C207469719F0}"
EndProject
Project("{FAE04EC0-301F-11D3-BF4B-00C04F79EFBC}") = "Deje.CustomerWebApp", "Deje.CustomerWebApp\Deje.CustomerWebApp.csproj", "{FF2A01B3-1A9C-41D9-945C-D1F3BBF698EF}"
EndProject
Global
	GlobalSection(SolutionConfigurationPlatforms) = preSolution
		CD_ROM|Any CPU = CD_ROM|Any CPU
		CD_ROM|ARM = CD_ROM|ARM
		CD_ROM|x64 = CD_ROM|x64
		CD_ROM|x86 = CD_ROM|x86
		Debug|Any CPU = Debug|Any CPU
		Debug|ARM = Debug|ARM
		Debug|x64 = Debug|x64
		Debug|x86 = Debug|x86
		DVD-5|Any CPU = DVD-5|Any CPU
		DVD-5|ARM = DVD-5|ARM
		DVD-5|x64 = DVD-5|x64
		DVD-5|x86 = DVD-5|x86
		Release|Any CPU = Release|Any CPU
		Release|ARM = Release|ARM
		Release|x64 = Release|x64
		Release|x86 = Release|x86
		SingleImage|Any CPU = SingleImage|Any CPU
		SingleImage|ARM = SingleImage|ARM
		SingleImage|x64 = SingleImage|x64
		SingleImage|x86 = SingleImage|x86
	EndGlobalSection
	GlobalSection(ProjectConfigurationPlatforms) = postSolution
		{D23982E1-2DBB-4F3D-9796-75649FBF4189}.CD_ROM|Any CPU.ActiveCfg = Release|Any CPU
		{D23982E1-2DBB-4F3D-9796-75649FBF4189}.CD_ROM|Any CPU.Build.0 = Release|Any CPU
		{D23982E1-2DBB-4F3D-9796-75649FBF4189}.CD_ROM|ARM.ActiveCfg = Release|Any CPU
		{D23982E1-2DBB-4F3D-9796-75649FBF4189}.CD_ROM|x64.ActiveCfg = Release|Any CPU
		{D23982E1-2DBB-4F3D-9796-75649FBF4189}.CD_ROM|x86.ActiveCfg = Release|Any CPU
		{D23982E1-2DBB-4F3D-9796-75649FBF4189}.Debug|Any CPU.ActiveCfg = Debug|Any CPU
		{D23982E1-2DBB-4F3D-9796-75649FBF4189}.Debug|ARM.ActiveCfg = Debug|Any CPU
		{D23982E1-2DBB-4F3D-9796-75649FBF4189}.Debug|x64.ActiveCfg = Debug|Any CPU
		{D23982E1-2DBB-4F3D-9796-75649FBF4189}.Debug|x86.ActiveCfg = Debug|Any CPU
		{D23982E1-2DBB-4F3D-9796-75649FBF4189}.DVD-5|Any CPU.ActiveCfg = Debug|Any CPU
		{D23982E1-2DBB-4F3D-9796-75649FBF4189}.DVD-5|Any CPU.Build.0 = Debug|Any CPU
		{D23982E1-2DBB-4F3D-9796-75649FBF4189}.DVD-5|ARM.ActiveCfg = Debug|Any CPU
		{D23982E1-2DBB-4F3D-9796-75649FBF4189}.DVD-5|x64.ActiveCfg = Debug|Any CPU
		{D23982E1-2DBB-4F3D-9796-75649FBF4189}.DVD-5|x86.ActiveCfg = Debug|Any CPU
		{D23982E1-2DBB-4F3D-9796-75649FBF4189}.Release|Any CPU.ActiveCfg = Release|Any CPU
		{D23982E1-2DBB-4F3D-9796-75649FBF4189}.Release|Any CPU.Build.0 = Release|Any CPU
		{D23982E1-2DBB-4F3D-9796-75649FBF4189}.Release|ARM.ActiveCfg = Release|Any CPU
		{D23982E1-2DBB-4F3D-9796-75649FBF4189}.Release|x64.ActiveCfg = Release|Any CPU
		{D23982E1-2DBB-4F3D-9796-75649FBF4189}.Release|x86.ActiveCfg = Release|Any CPU
		{D23982E1-2DBB-4F3D-9796-75649FBF4189}.SingleImage|Any CPU.ActiveCfg = Release|Any CPU
		{D23982E1-2DBB-4F3D-9796-75649FBF4189}.SingleImage|Any CPU.Build.0 = Release|Any CPU
		{D23982E1-2DBB-4F3D-9796-75649FBF4189}.SingleImage|ARM.ActiveCfg = Release|Any CPU
		{D23982E1-2DBB-4F3D-9796-75649FBF4189}.SingleImage|x64.ActiveCfg = Release|Any CPU
		{D23982E1-2DBB-4F3D-9796-75649FBF4189}.SingleImage|x86.ActiveCfg = Release|Any CPU
		{D420EB20-1FBA-4FB7-A191-BC062C3B30FE}.CD_ROM|Any CPU.ActiveCfg = Release|Any CPU
		{D420EB20-1FBA-4FB7-A191-BC062C3B30FE}.CD_ROM|Any CPU.Build.0 = Release|Any CPU
		{D420EB20-1FBA-4FB7-A191-BC062C3B30FE}.CD_ROM|ARM.ActiveCfg = Release|Any CPU
		{D420EB20-1FBA-4FB7-A191-BC062C3B30FE}.CD_ROM|x64.ActiveCfg = Release|Any CPU
		{D420EB20-1FBA-4FB7-A191-BC062C3B30FE}.CD_ROM|x86.ActiveCfg = Release|Any CPU
		{D420EB20-1FBA-4FB7-A191-BC062C3B30FE}.Debug|Any CPU.ActiveCfg = Debug|Any CPU
		{D420EB20-1FBA-4FB7-A191-BC062C3B30FE}.Debug|Any CPU.Build.0 = Debug|Any CPU
		{D420EB20-1FBA-4FB7-A191-BC062C3B30FE}.Debug|ARM.ActiveCfg = Debug|Any CPU
		{D420EB20-1FBA-4FB7-A191-BC062C3B30FE}.Debug|x64.ActiveCfg = Debug|Any CPU
		{D420EB20-1FBA-4FB7-A191-BC062C3B30FE}.Debug|x86.ActiveCfg = Debug|Any CPU
		{D420EB20-1FBA-4FB7-A191-BC062C3B30FE}.DVD-5|Any CPU.ActiveCfg = Debug|Any CPU
		{D420EB20-1FBA-4FB7-A191-BC062C3B30FE}.DVD-5|Any CPU.Build.0 = Debug|Any CPU
		{D420EB20-1FBA-4FB7-A191-BC062C3B30FE}.DVD-5|ARM.ActiveCfg = Debug|Any CPU
		{D420EB20-1FBA-4FB7-A191-BC062C3B30FE}.DVD-5|x64.ActiveCfg = Debug|Any CPU
		{D420EB20-1FBA-4FB7-A191-BC062C3B30FE}.DVD-5|x86.ActiveCfg = Debug|Any CPU
		{D420EB20-1FBA-4FB7-A191-BC062C3B30FE}.Release|Any CPU.ActiveCfg = Release|Any CPU
		{D420EB20-1FBA-4FB7-A191-BC062C3B30FE}.Release|Any CPU.Build.0 = Release|Any CPU
		{D420EB20-1FBA-4FB7-A191-BC062C3B30FE}.Release|ARM.ActiveCfg = Release|Any CPU
		{D420EB20-1FBA-4FB7-A191-BC062C3B30FE}.Release|x64.ActiveCfg = Release|Any CPU
		{D420EB20-1FBA-4FB7-A191-BC062C3B30FE}.Release|x86.ActiveCfg = Release|Any CPU
		{D420EB20-1FBA-4FB7-A191-BC062C3B30FE}.SingleImage|Any CPU.ActiveCfg = Release|Any CPU
		{D420EB20-1FBA-4FB7-A191-BC062C3B30FE}.SingleImage|Any CPU.Build.0 = Release|Any CPU
		{D420EB20-1FBA-4FB7-A191-BC062C3B30FE}.SingleImage|ARM.ActiveCfg = Release|Any CPU
		{D420EB20-1FBA-4FB7-A191-BC062C3B30FE}.SingleImage|x64.ActiveCfg = Release|Any CPU
		{D420EB20-1FBA-4FB7-A191-BC062C3B30FE}.SingleImage|x86.ActiveCfg = Release|Any CPU
		{6E9060F6-D530-4B7C-9926-666668F87CEE}.CD_ROM|Any CPU.ActiveCfg = Release|Any CPU
		{6E9060F6-D530-4B7C-9926-666668F87CEE}.CD_ROM|Any CPU.Build.0 = Release|Any CPU
		{6E9060F6-D530-4B7C-9926-666668F87CEE}.CD_ROM|ARM.ActiveCfg = Release|Any CPU
		{6E9060F6-D530-4B7C-9926-666668F87CEE}.CD_ROM|x64.ActiveCfg = Release|Any CPU
		{6E9060F6-D530-4B7C-9926-666668F87CEE}.CD_ROM|x86.ActiveCfg = Release|Any CPU
		{6E9060F6-D530-4B7C-9926-666668F87CEE}.Debug|Any CPU.ActiveCfg = Debug|Any CPU
		{6E9060F6-D530-4B7C-9926-666668F87CEE}.Debug|Any CPU.Build.0 = Debug|Any CPU
		{6E9060F6-D530-4B7C-9926-666668F87CEE}.Debug|ARM.ActiveCfg = Debug|Any CPU
		{6E9060F6-D530-4B7C-9926-666668F87CEE}.Debug|x64.ActiveCfg = Debug|Any CPU
		{6E9060F6-D530-4B7C-9926-666668F87CEE}.Debug|x86.ActiveCfg = Debug|Any CPU
		{6E9060F6-D530-4B7C-9926-666668F87CEE}.DVD-5|Any CPU.ActiveCfg = Debug|Any CPU
		{6E9060F6-D530-4B7C-9926-666668F87CEE}.DVD-5|Any CPU.Build.0 = Debug|Any CPU
		{6E9060F6-D530-4B7C-9926-666668F87CEE}.DVD-5|ARM.ActiveCfg = Debug|Any CPU
		{6E9060F6-D530-4B7C-9926-666668F87CEE}.DVD-5|x64.ActiveCfg = Debug|Any CPU
		{6E9060F6-D530-4B7C-9926-666668F87CEE}.DVD-5|x86.ActiveCfg = Debug|Any CPU
		{6E9060F6-D530-4B7C-9926-666668F87CEE}.Release|Any CPU.ActiveCfg = Release|Any CPU
		{6E9060F6-D530-4B7C-9926-666668F87CEE}.Release|Any CPU.Build.0 = Release|Any CPU
		{6E9060F6-D530-4B7C-9926-666668F87CEE}.Release|ARM.ActiveCfg = Release|Any CPU
		{6E9060F6-D530-4B7C-9926-666668F87CEE}.Release|x64.ActiveCfg = Release|Any CPU
		{6E9060F6-D530-4B7C-9926-666668F87CEE}.Release|x86.ActiveCfg = Release|Any CPU
		{6E9060F6-D530-4B7C-9926-666668F87CEE}.SingleImage|Any CPU.ActiveCfg = Release|Any CPU
		{6E9060F6-D530-4B7C-9926-666668F87CEE}.SingleImage|Any CPU.Build.0 = Release|Any CPU
		{6E9060F6-D530-4B7C-9926-666668F87CEE}.SingleImage|ARM.ActiveCfg = Release|Any CPU
		{6E9060F6-D530-4B7C-9926-666668F87CEE}.SingleImage|x64.ActiveCfg = Release|Any CPU
		{6E9060F6-D530-4B7C-9926-666668F87CEE}.SingleImage|x86.ActiveCfg = Release|Any CPU
		{0630CB6C-061D-444C-81C9-A09433F303B4}.CD_ROM|Any CPU.ActiveCfg = Release|Any CPU
		{0630CB6C-061D-444C-81C9-A09433F303B4}.CD_ROM|Any CPU.Build.0 = Release|Any CPU
		{0630CB6C-061D-444C-81C9-A09433F303B4}.CD_ROM|ARM.ActiveCfg = Release|Any CPU
		{0630CB6C-061D-444C-81C9-A09433F303B4}.CD_ROM|x64.ActiveCfg = Release|Any CPU
		{0630CB6C-061D-444C-81C9-A09433F303B4}.CD_ROM|x86.ActiveCfg = Release|Any CPU
		{0630CB6C-061D-444C-81C9-A09433F303B4}.Debug|Any CPU.ActiveCfg = Debug|Any CPU
		{0630CB6C-061D-444C-81C9-A09433F303B4}.Debug|Any CPU.Build.0 = Debug|Any CPU
		{0630CB6C-061D-444C-81C9-A09433F303B4}.Debug|ARM.ActiveCfg = Debug|Any CPU
		{0630CB6C-061D-444C-81C9-A09433F303B4}.Debug|x64.ActiveCfg = Debug|Any CPU
		{0630CB6C-061D-444C-81C9-A09433F303B4}.Debug|x86.ActiveCfg = Debug|Any CPU
		{0630CB6C-061D-444C-81C9-A09433F303B4}.DVD-5|Any CPU.ActiveCfg = Debug|Any CPU
		{0630CB6C-061D-444C-81C9-A09433F303B4}.DVD-5|Any CPU.Build.0 = Debug|Any CPU
		{0630CB6C-061D-444C-81C9-A09433F303B4}.DVD-5|ARM.ActiveCfg = Debug|Any CPU
		{0630CB6C-061D-444C-81C9-A09433F303B4}.DVD-5|x64.ActiveCfg = Debug|Any CPU
		{0630CB6C-061D-444C-81C9-A09433F303B4}.DVD-5|x86.ActiveCfg = Debug|Any CPU
		{0630CB6C-061D-444C-81C9-A09433F303B4}.Release|Any CPU.ActiveCfg = Release|Any CPU
		{0630CB6C-061D-444C-81C9-A09433F303B4}.Release|Any CPU.Build.0 = Release|Any CPU
		{0630CB6C-061D-444C-81C9-A09433F303B4}.Release|ARM.ActiveCfg = Release|Any CPU
		{0630CB6C-061D-444C-81C9-A09433F303B4}.Release|x64.ActiveCfg = Release|Any CPU
		{0630CB6C-061D-444C-81C9-A09433F303B4}.Release|x86.ActiveCfg = Release|Any CPU
		{0630CB6C-061D-444C-81C9-A09433F303B4}.SingleImage|Any CPU.ActiveCfg = Release|Any CPU
		{0630CB6C-061D-444C-81C9-A09433F303B4}.SingleImage|Any CPU.Build.0 = Release|Any CPU
		{0630CB6C-061D-444C-81C9-A09433F303B4}.SingleImage|ARM.ActiveCfg = Release|Any CPU
		{0630CB6C-061D-444C-81C9-A09433F303B4}.SingleImage|x64.ActiveCfg = Release|Any CPU
		{0630CB6C-061D-444C-81C9-A09433F303B4}.SingleImage|x86.ActiveCfg = Release|Any CPU
		{6D99018C-A483-4247-A676-0ED9931CD2DB}.CD_ROM|Any CPU.ActiveCfg = Release|Any CPU
		{6D99018C-A483-4247-A676-0ED9931CD2DB}.CD_ROM|Any CPU.Build.0 = Release|Any CPU
		{6D99018C-A483-4247-A676-0ED9931CD2DB}.CD_ROM|ARM.ActiveCfg = Release|Any CPU
		{6D99018C-A483-4247-A676-0ED9931CD2DB}.CD_ROM|x64.ActiveCfg = Release|Any CPU
		{6D99018C-A483-4247-A676-0ED9931CD2DB}.CD_ROM|x86.ActiveCfg = Release|Any CPU
		{6D99018C-A483-4247-A676-0ED9931CD2DB}.Debug|Any CPU.ActiveCfg = Debug|Any CPU
		{6D99018C-A483-4247-A676-0ED9931CD2DB}.Debug|ARM.ActiveCfg = Debug|Any CPU
		{6D99018C-A483-4247-A676-0ED9931CD2DB}.Debug|x64.ActiveCfg = Debug|Any CPU
		{6D99018C-A483-4247-A676-0ED9931CD2DB}.Debug|x86.ActiveCfg = Debug|Any CPU
		{6D99018C-A483-4247-A676-0ED9931CD2DB}.DVD-5|Any CPU.ActiveCfg = Debug|Any CPU
		{6D99018C-A483-4247-A676-0ED9931CD2DB}.DVD-5|Any CPU.Build.0 = Debug|Any CPU
		{6D99018C-A483-4247-A676-0ED9931CD2DB}.DVD-5|ARM.ActiveCfg = Debug|Any CPU
		{6D99018C-A483-4247-A676-0ED9931CD2DB}.DVD-5|x64.ActiveCfg = Debug|Any CPU
		{6D99018C-A483-4247-A676-0ED9931CD2DB}.DVD-5|x86.ActiveCfg = Debug|Any CPU
		{6D99018C-A483-4247-A676-0ED9931CD2DB}.Release|Any CPU.ActiveCfg = Release|Any CPU
		{6D99018C-A483-4247-A676-0ED9931CD2DB}.Release|Any CPU.Build.0 = Release|Any CPU
		{6D99018C-A483-4247-A676-0ED9931CD2DB}.Release|ARM.ActiveCfg = Release|Any CPU
		{6D99018C-A483-4247-A676-0ED9931CD2DB}.Release|x64.ActiveCfg = Release|Any CPU
		{6D99018C-A483-4247-A676-0ED9931CD2DB}.Release|x86.ActiveCfg = Release|Any CPU
		{6D99018C-A483-4247-A676-0ED9931CD2DB}.SingleImage|Any CPU.ActiveCfg = Release|Any CPU
		{6D99018C-A483-4247-A676-0ED9931CD2DB}.SingleImage|Any CPU.Build.0 = Release|Any CPU
		{6D99018C-A483-4247-A676-0ED9931CD2DB}.SingleImage|ARM.ActiveCfg = Release|Any CPU
		{6D99018C-A483-4247-A676-0ED9931CD2DB}.SingleImage|x64.ActiveCfg = Release|Any CPU
		{6D99018C-A483-4247-A676-0ED9931CD2DB}.SingleImage|x86.ActiveCfg = Release|Any CPU
		{AF4A5FFA-3B66-4864-91E2-98F3BE323A6E}.CD_ROM|Any CPU.ActiveCfg = Release|Any CPU
		{AF4A5FFA-3B66-4864-91E2-98F3BE323A6E}.CD_ROM|Any CPU.Build.0 = Release|Any CPU
		{AF4A5FFA-3B66-4864-91E2-98F3BE323A6E}.CD_ROM|ARM.ActiveCfg = Release|Any CPU
		{AF4A5FFA-3B66-4864-91E2-98F3BE323A6E}.CD_ROM|x64.ActiveCfg = Release|Any CPU
		{AF4A5FFA-3B66-4864-91E2-98F3BE323A6E}.CD_ROM|x86.ActiveCfg = Release|Any CPU
		{AF4A5FFA-3B66-4864-91E2-98F3BE323A6E}.Debug|Any CPU.ActiveCfg = Debug|Any CPU
		{AF4A5FFA-3B66-4864-91E2-98F3BE323A6E}.Debug|Any CPU.Build.0 = Debug|Any CPU
		{AF4A5FFA-3B66-4864-91E2-98F3BE323A6E}.Debug|ARM.ActiveCfg = Debug|Any CPU
		{AF4A5FFA-3B66-4864-91E2-98F3BE323A6E}.Debug|x64.ActiveCfg = Debug|Any CPU
		{AF4A5FFA-3B66-4864-91E2-98F3BE323A6E}.Debug|x86.ActiveCfg = Debug|Any CPU
		{AF4A5FFA-3B66-4864-91E2-98F3BE323A6E}.DVD-5|Any CPU.ActiveCfg = Debug|Any CPU
		{AF4A5FFA-3B66-4864-91E2-98F3BE323A6E}.DVD-5|Any CPU.Build.0 = Debug|Any CPU
		{AF4A5FFA-3B66-4864-91E2-98F3BE323A6E}.DVD-5|ARM.ActiveCfg = Debug|Any CPU
		{AF4A5FFA-3B66-4864-91E2-98F3BE323A6E}.DVD-5|x64.ActiveCfg = Debug|Any CPU
		{AF4A5FFA-3B66-4864-91E2-98F3BE323A6E}.DVD-5|x86.ActiveCfg = Debug|Any CPU
		{AF4A5FFA-3B66-4864-91E2-98F3BE323A6E}.Release|Any CPU.ActiveCfg = Release|Any CPU
		{AF4A5FFA-3B66-4864-91E2-98F3BE323A6E}.Release|Any CPU.Build.0 = Release|Any CPU
		{AF4A5FFA-3B66-4864-91E2-98F3BE323A6E}.Release|ARM.ActiveCfg = Release|Any CPU
		{AF4A5FFA-3B66-4864-91E2-98F3BE323A6E}.Release|x64.ActiveCfg = Release|Any CPU
		{AF4A5FFA-3B66-4864-91E2-98F3BE323A6E}.Release|x86.ActiveCfg = Release|Any CPU
		{AF4A5FFA-3B66-4864-91E2-98F3BE323A6E}.SingleImage|Any CPU.ActiveCfg = Release|Any CPU
		{AF4A5FFA-3B66-4864-91E2-98F3BE323A6E}.SingleImage|Any CPU.Build.0 = Release|Any CPU
		{AF4A5FFA-3B66-4864-91E2-98F3BE323A6E}.SingleImage|ARM.ActiveCfg = Release|Any CPU
		{AF4A5FFA-3B66-4864-91E2-98F3BE323A6E}.SingleImage|x64.ActiveCfg = Release|Any CPU
		{AF4A5FFA-3B66-4864-91E2-98F3BE323A6E}.SingleImage|x86.ActiveCfg = Release|Any CPU
		{9061F87D-B668-4148-91D0-51B87BF9BC26}.CD_ROM|Any CPU.ActiveCfg = Release|Any CPU
		{9061F87D-B668-4148-91D0-51B87BF9BC26}.CD_ROM|Any CPU.Build.0 = Release|Any CPU
		{9061F87D-B668-4148-91D0-51B87BF9BC26}.CD_ROM|ARM.ActiveCfg = Release|Any CPU
		{9061F87D-B668-4148-91D0-51B87BF9BC26}.CD_ROM|x64.ActiveCfg = Release|Any CPU
		{9061F87D-B668-4148-91D0-51B87BF9BC26}.CD_ROM|x86.ActiveCfg = Release|Any CPU
		{9061F87D-B668-4148-91D0-51B87BF9BC26}.Debug|Any CPU.ActiveCfg = Debug|Any CPU
		{9061F87D-B668-4148-91D0-51B87BF9BC26}.Debug|ARM.ActiveCfg = Debug|Any CPU
		{9061F87D-B668-4148-91D0-51B87BF9BC26}.Debug|x64.ActiveCfg = Debug|Any CPU
		{9061F87D-B668-4148-91D0-51B87BF9BC26}.Debug|x86.ActiveCfg = Debug|Any CPU
		{9061F87D-B668-4148-91D0-51B87BF9BC26}.DVD-5|Any CPU.ActiveCfg = Debug|Any CPU
		{9061F87D-B668-4148-91D0-51B87BF9BC26}.DVD-5|Any CPU.Build.0 = Debug|Any CPU
		{9061F87D-B668-4148-91D0-51B87BF9BC26}.DVD-5|ARM.ActiveCfg = Debug|Any CPU
		{9061F87D-B668-4148-91D0-51B87BF9BC26}.DVD-5|x64.ActiveCfg = Debug|Any CPU
		{9061F87D-B668-4148-91D0-51B87BF9BC26}.DVD-5|x86.ActiveCfg = Debug|Any CPU
		{9061F87D-B668-4148-91D0-51B87BF9BC26}.Release|Any CPU.ActiveCfg = Release|Any CPU
		{9061F87D-B668-4148-91D0-51B87BF9BC26}.Release|Any CPU.Build.0 = Release|Any CPU
		{9061F87D-B668-4148-91D0-51B87BF9BC26}.Release|ARM.ActiveCfg = Release|Any CPU
		{9061F87D-B668-4148-91D0-51B87BF9BC26}.Release|x64.ActiveCfg = Release|Any CPU
		{9061F87D-B668-4148-91D0-51B87BF9BC26}.Release|x86.ActiveCfg = Release|Any CPU
		{9061F87D-B668-4148-91D0-51B87BF9BC26}.SingleImage|Any CPU.ActiveCfg = Release|Any CPU
		{9061F87D-B668-4148-91D0-51B87BF9BC26}.SingleImage|Any CPU.Build.0 = Release|Any CPU
		{9061F87D-B668-4148-91D0-51B87BF9BC26}.SingleImage|ARM.ActiveCfg = Release|Any CPU
		{9061F87D-B668-4148-91D0-51B87BF9BC26}.SingleImage|x64.ActiveCfg = Release|Any CPU
		{9061F87D-B668-4148-91D0-51B87BF9BC26}.SingleImage|x86.ActiveCfg = Release|Any CPU
		{6EBD8A75-DA78-46B0-A07A-C207469719F0}.CD_ROM|Any CPU.ActiveCfg = Release|Any CPU
		{6EBD8A75-DA78-46B0-A07A-C207469719F0}.CD_ROM|Any CPU.Build.0 = Release|Any CPU
		{6EBD8A75-DA78-46B0-A07A-C207469719F0}.CD_ROM|ARM.ActiveCfg = Release|Any CPU
		{6EBD8A75-DA78-46B0-A07A-C207469719F0}.CD_ROM|x64.ActiveCfg = Release|Any CPU
		{6EBD8A75-DA78-46B0-A07A-C207469719F0}.CD_ROM|x86.ActiveCfg = Release|Any CPU
		{6EBD8A75-DA78-46B0-A07A-C207469719F0}.Debug|Any CPU.ActiveCfg = Debug|Any CPU
		{6EBD8A75-DA78-46B0-A07A-C207469719F0}.Debug|ARM.ActiveCfg = Debug|Any CPU
		{6EBD8A75-DA78-46B0-A07A-C207469719F0}.Debug|x64.ActiveCfg = Debug|Any CPU
		{6EBD8A75-DA78-46B0-A07A-C207469719F0}.Debug|x86.ActiveCfg = Debug|Any CPU
		{6EBD8A75-DA78-46B0-A07A-C207469719F0}.DVD-5|Any CPU.ActiveCfg = Debug|Any CPU
		{6EBD8A75-DA78-46B0-A07A-C207469719F0}.DVD-5|Any CPU.Build.0 = Debug|Any CPU
		{6EBD8A75-DA78-46B0-A07A-C207469719F0}.DVD-5|ARM.ActiveCfg = Debug|Any CPU
		{6EBD8A75-DA78-46B0-A07A-C207469719F0}.DVD-5|x64.ActiveCfg = Debug|Any CPU
		{6EBD8A75-DA78-46B0-A07A-C207469719F0}.DVD-5|x86.ActiveCfg = Debug|Any CPU
		{6EBD8A75-DA78-46B0-A07A-C207469719F0}.Release|Any CPU.ActiveCfg = Release|Any CPU
		{6EBD8A75-DA78-46B0-A07A-C207469719F0}.Release|Any CPU.Build.0 = Release|Any CPU
		{6EBD8A75-DA78-46B0-A07A-C207469719F0}.Release|ARM.ActiveCfg = Release|Any CPU
		{6EBD8A75-DA78-46B0-A07A-C207469719F0}.Release|x64.ActiveCfg = Release|Any CPU
		{6EBD8A75-DA78-46B0-A07A-C207469719F0}.Release|x86.ActiveCfg = Release|Any CPU
		{6EBD8A75-DA78-46B0-A07A-C207469719F0}.SingleImage|Any CPU.ActiveCfg = Release|Any CPU
		{6EBD8A75-DA78-46B0-A07A-C207469719F0}.SingleImage|Any CPU.Build.0 = Release|Any CPU
		{6EBD8A75-DA78-46B0-A07A-C207469719F0}.SingleImage|ARM.ActiveCfg = Release|Any CPU
		{6EBD8A75-DA78-46B0-A07A-C207469719F0}.SingleImage|x64.ActiveCfg = Release|Any CPU
		{6EBD8A75-DA78-46B0-A07A-C207469719F0}.SingleImage|x86.ActiveCfg = Release|Any CPU
		{FF2A01B3-1A9C-41D9-945C-D1F3BBF698EF}.CD_ROM|Any CPU.ActiveCfg = Release|Any CPU
		{FF2A01B3-1A9C-41D9-945C-D1F3BBF698EF}.CD_ROM|Any CPU.Build.0 = Release|Any CPU
		{FF2A01B3-1A9C-41D9-945C-D1F3BBF698EF}.CD_ROM|ARM.ActiveCfg = Release|Any CPU
		{FF2A01B3-1A9C-41D9-945C-D1F3BBF698EF}.CD_ROM|x64.ActiveCfg = Release|Any CPU
		{FF2A01B3-1A9C-41D9-945C-D1F3BBF698EF}.CD_ROM|x86.ActiveCfg = Release|Any CPU
		{FF2A01B3-1A9C-41D9-945C-D1F3BBF698EF}.Debug|Any CPU.ActiveCfg = Debug|Any CPU
		{FF2A01B3-1A9C-41D9-945C-D1F3BBF698EF}.Debug|Any CPU.Build.0 = Debug|Any CPU
		{FF2A01B3-1A9C-41D9-945C-D1F3BBF698EF}.Debug|ARM.ActiveCfg = Debug|Any CPU
		{FF2A01B3-1A9C-41D9-945C-D1F3BBF698EF}.Debug|x64.ActiveCfg = Debug|Any CPU
		{FF2A01B3-1A9C-41D9-945C-D1F3BBF698EF}.Debug|x86.ActiveCfg = Debug|Any CPU
		{FF2A01B3-1A9C-41D9-945C-D1F3BBF698EF}.DVD-5|Any CPU.ActiveCfg = Debug|Any CPU
		{FF2A01B3-1A9C-41D9-945C-D1F3BBF698EF}.DVD-5|Any CPU.Build.0 = Debug|Any CPU
		{FF2A01B3-1A9C-41D9-945C-D1F3BBF698EF}.DVD-5|ARM.ActiveCfg = Debug|Any CPU
		{FF2A01B3-1A9C-41D9-945C-D1F3BBF698EF}.DVD-5|x64.ActiveCfg = Debug|Any CPU
		{FF2A01B3-1A9C-41D9-945C-D1F3BBF698EF}.DVD-5|x86.ActiveCfg = Debug|Any CPU
		{FF2A01B3-1A9C-41D9-945C-D1F3BBF698EF}.Release|Any CPU.ActiveCfg = Release|Any CPU
		{FF2A01B3-1A9C-41D9-945C-D1F3BBF698EF}.Release|Any CPU.Build.0 = Release|Any CPU
		{FF2A01B3-1A9C-41D9-945C-D1F3BBF698EF}.Release|ARM.ActiveCfg = Release|Any CPU
		{FF2A01B3-1A9C-41D9-945C-D1F3BBF698EF}.Release|x64.ActiveCfg = Release|Any CPU
		{FF2A01B3-1A9C-41D9-945C-D1F3BBF698EF}.Release|x86.ActiveCfg = Release|Any CPU
		{FF2A01B3-1A9C-41D9-945C-D1F3BBF698EF}.SingleImage|Any CPU.ActiveCfg = Release|Any CPU
		{FF2A01B3-1A9C-41D9-945C-D1F3BBF698EF}.SingleImage|Any CPU.Build.0 = Release|Any CPU
		{FF2A01B3-1A9C-41D9-945C-D1F3BBF698EF}.SingleImage|ARM.ActiveCfg = Release|Any CPU
		{FF2A01B3-1A9C-41D9-945C-D1F3BBF698EF}.SingleImage|x64.ActiveCfg = Release|Any CPU
		{FF2A01B3-1A9C-41D9-945C-D1F3BBF698EF}.SingleImage|x86.ActiveCfg = Release|Any CPU
	EndGlobalSection
	GlobalSection(SolutionProperties) = preSolution
		HideSolutionNode = FALSE
	EndGlobalSection
EndGlobal
